Microsoft Visual Studio Solution File, Format Version 12.00
# Visual Studio 2012
Project("{FAE04EC0-301F-11D3-BF4B-00C04F79EFBC}") = "Prime Framework", "Prime Framework.csproj", "{7C3F5499-FE6C-4B29-A929-0C333804B267}"
EndProject
Global
	GlobalSection(SolutionConfigurationPlatforms) = preSolution
	Debug|Any CPU = Debug|Any CPU
	Release|Any CPU = Release|Any CPU
	Tools|Any CPU = Tools|Any CPU
	EndGlobalSection
	GlobalSection(ProjectConfigurationPlatforms) = postSolution
		{7C3F5499-FE6C-4B29-A929-0C333804B267}.Debug|Any CPU.ActiveCfg = Debug|Any CPU
		{7C3F5499-FE6C-4B29-A929-0C333804B267}.Debug|Any CPU.Build.0 = Debug|Any CPU
		{7C3F5499-FE6C-4B29-A929-0C333804B267}.Release|Any CPU.ActiveCfg = Release|Any CPU
		{7C3F5499-FE6C-4B29-A929-0C333804B267}.Release|Any CPU.Build.0 = Release|Any CPU
		{7C3F5499-FE6C-4B29-A929-0C333804B267}.Tools|Any CPU.ActiveCfg = Tools|Any CPU
		{7C3F5499-FE6C-4B29-A929-0C333804B267}.Tools|Any CPU.Build.0 = Tools|Any CPU
	EndGlobalSection
EndGlobal
